// !$*UTF8*$!
{
	archiveVersion = 1;
	classes = {
	};
	objectVersion = 51;
	objects = {

/* Begin PBXBuildFile section */
		8FEABC1A546BD9DB87AFB8D2 /* Pods_FE___Tests.framework in Frameworks */ = {isa = PBXBuildFile; fileRef = B24DA22DEF6DDCEE1E554EC0 /* Pods_FE___Tests.framework */; };
		A322BE5D8485A2EA82490FAF /* Pods_FE____FE___UITests.framework in Frameworks */ = {isa = PBXBuildFile; fileRef = D277CAD0C277C9004DBB6D8B /* Pods_FE____FE___UITests.framework */; };
		DB39B4EA24CC877800319E4D /* ViewControllerShowWord.swift in Sources */ = {isa = PBXBuildFile; fileRef = DB39B4E924CC877800319E4D /* ViewControllerShowWord.swift */; };
		DB4D71B924C56F9500333C98 /* AppDelegate.swift in Sources */ = {isa = PBXBuildFile; fileRef = DB4D71B824C56F9500333C98 /* AppDelegate.swift */; };
		DB4D71BB24C56F9500333C98 /* SceneDelegate.swift in Sources */ = {isa = PBXBuildFile; fileRef = DB4D71BA24C56F9500333C98 /* SceneDelegate.swift */; };
		DB4D71C024C56F9500333C98 /* Main.storyboard in Resources */ = {isa = PBXBuildFile; fileRef = DB4D71BE24C56F9500333C98 /* Main.storyboard */; };
		DB4D71C224C56F9600333C98 /* Assets.xcassets in Resources */ = {isa = PBXBuildFile; fileRef = DB4D71C124C56F9600333C98 /* Assets.xcassets */; };
		DB4D71C524C56F9600333C98 /* LaunchScreen.storyboard in Resources */ = {isa = PBXBuildFile; fileRef = DB4D71C324C56F9600333C98 /* LaunchScreen.storyboard */; };
		DB4D71D024C56F9600333C98 /* FE___Tests.swift in Sources */ = {isa = PBXBuildFile; fileRef = DB4D71CF24C56F9600333C98 /* FE___Tests.swift */; };
		DB4D71DB24C56F9600333C98 /* FE___UITests.swift in Sources */ = {isa = PBXBuildFile; fileRef = DB4D71DA24C56F9600333C98 /* FE___UITests.swift */; };
		DB524FD024F79EA800BFD4BD /* ViewControllerShowAppExplanation.swift in Sources */ = {isa = PBXBuildFile; fileRef = DB524FCF24F79EA800BFD4BD /* ViewControllerShowAppExplanation.swift */; };
		DB61286224C5933E00B86CAF /* ViewControllerSelectGroup.swift in Sources */ = {isa = PBXBuildFile; fileRef = DB61286124C5933E00B86CAF /* ViewControllerSelectGroup.swift */; };
		DB6EE0EE24C9B3B40029A499 /* wordList.csv in Resources */ = {isa = PBXBuildFile; fileRef = DB6EE0ED24C9B3B40029A499 /* wordList.csv */; };
		DB6EE0F024C9B8970029A499 /* Word.swift in Sources */ = {isa = PBXBuildFile; fileRef = DB6EE0EF24C9B8970029A499 /* Word.swift */; };
		DB8B9DBA2509658900517F00 /* TabBarController.swift in Sources */ = {isa = PBXBuildFile; fileRef = DB8B9DB92509658900517F00 /* TabBarController.swift */; };
		DBA0A4AC24C9E4B100D42F6E /* AppInfo.swift in Sources */ = {isa = PBXBuildFile; fileRef = DBA0A4AB24C9E4B100D42F6E /* AppInfo.swift */; };
		DBA0A4B024CA186E00D42F6E /* ViewControllerSelectWord.swift in Sources */ = {isa = PBXBuildFile; fileRef = DBA0A4AF24CA186E00D42F6E /* ViewControllerSelectWord.swift */; };
		DBAA1BD125009F5100C891A2 /* WordModel.swift in Sources */ = {isa = PBXBuildFile; fileRef = DBAA1BD025009F5100C891A2 /* WordModel.swift */; };
		DBAA1BD325009F6600C891A2 /* AppInfoModel.swift in Sources */ = {isa = PBXBuildFile; fileRef = DBAA1BD225009F6600C891A2 /* AppInfoModel.swift */; };
		DBBB84AA2509E2B400019FD4 /* ViewControllerMain.swift in Sources */ = {isa = PBXBuildFile; fileRef = DBBB84A92509E2B400019FD4 /* ViewControllerMain.swift */; };
		DBF13F3E24D7EF44004910F1 /* GoogleService-Info.plist in Resources */ = {isa = PBXBuildFile; fileRef = DBF13F3D24D7EF44004910F1 /* GoogleService-Info.plist */; };
/* End PBXBuildFile section */

/* Begin PBXContainerItemProxy section */
		DB4D71CC24C56F9600333C98 /* PBXContainerItemProxy */ = {
			isa = PBXContainerItemProxy;
			containerPortal = DB4D71AD24C56F9500333C98 /* Project object */;
			proxyType = 1;
			remoteGlobalIDString = DB4D71B424C56F9500333C98;
			remoteInfo = "FE単語帳";
		};
		DB4D71D724C56F9600333C98 /* PBXContainerItemProxy */ = {
			isa = PBXContainerItemProxy;
			containerPortal = DB4D71AD24C56F9500333C98 /* Project object */;
			proxyType = 1;
			remoteGlobalIDString = DB4D71B424C56F9500333C98;
			remoteInfo = "FE単語帳";
		};
/* End PBXContainerItemProxy section */

/* Begin PBXFileReference section */
		090967CA2D106B9F2B2B1B87 /* Pods-FE単語帳.release.xcconfig */ = {isa = PBXFileReference; includeInIndex = 1; lastKnownFileType = text.xcconfig; name = "Pods-FE単語帳.release.xcconfig"; path = "Target Support Files/Pods-FE単語帳/Pods-FE単語帳.release.xcconfig"; sourceTree = "<group>"; };
		66691766543CC28008558893 /* Pods-FE単語帳-FE単語帳UITests.debug.xcconfig */ = {isa = PBXFileReference; includeInIndex = 1; lastKnownFileType = text.xcconfig; name = "Pods-FE単語帳-FE単語帳UITests.debug.xcconfig"; path = "Target Support Files/Pods-FE単語帳-FE単語帳UITests/Pods-FE単語帳-FE単語帳UITests.debug.xcconfig"; sourceTree = "<group>"; };
		89C4DEEF2BA178C4858589D1 /* Pods-FE単語帳-FE単語帳UITests.release.xcconfig */ = {isa = PBXFileReference; includeInIndex = 1; lastKnownFileType = text.xcconfig; name = "Pods-FE単語帳-FE単語帳UITests.release.xcconfig"; path = "Target Support Files/Pods-FE単語帳-FE単語帳UITests/Pods-FE単語帳-FE単語帳UITests.release.xcconfig"; sourceTree = "<group>"; };
		9AF58A0DD6AAE1EA48C8C71F /* Pods-FE単語帳Tests.release.xcconfig */ = {isa = PBXFileReference; includeInIndex = 1; lastKnownFileType = text.xcconfig; name = "Pods-FE単語帳Tests.release.xcconfig"; path = "Target Support Files/Pods-FE単語帳Tests/Pods-FE単語帳Tests.release.xcconfig"; sourceTree = "<group>"; };
		B24DA22DEF6DDCEE1E554EC0 /* Pods_FE___Tests.framework */ = {isa = PBXFileReference; explicitFileType = wrapper.framework; includeInIndex = 0; path = "Pods_FE___Tests.framework"; sourceTree = BUILT_PRODUCTS_DIR; };
		C0B7DD6BD8DF8BE1F9C9441D /* Pods_FE___.framework */ = {isa = PBXFileReference; explicitFileType = wrapper.framework; includeInIndex = 0; path = "Pods_FE___.framework"; sourceTree = BUILT_PRODUCTS_DIR; };
		CB40A22F7A5B2CD7CD69DAA0 /* Pods-FE単語帳Tests.debug.xcconfig */ = {isa = PBXFileReference; includeInIndex = 1; lastKnownFileType = text.xcconfig; name = "Pods-FE単語帳Tests.debug.xcconfig"; path = "Target Support Files/Pods-FE単語帳Tests/Pods-FE単語帳Tests.debug.xcconfig"; sourceTree = "<group>"; };
		D277CAD0C277C9004DBB6D8B /* Pods_FE____FE___UITests.framework */ = {isa = PBXFileReference; explicitFileType = wrapper.framework; includeInIndex = 0; path = "Pods_FE____FE___UITests.framework"; sourceTree = BUILT_PRODUCTS_DIR; };
		DA7DCA3D23F9D22A2EF4DA0F /* Pods-FE単語帳.debug.xcconfig */ = {isa = PBXFileReference; includeInIndex = 1; lastKnownFileType = text.xcconfig; name = "Pods-FE単語帳.debug.xcconfig"; path = "Target Support Files/Pods-FE単語帳/Pods-FE単語帳.debug.xcconfig"; sourceTree = "<group>"; };
		DB39B4E924CC877800319E4D /* ViewControllerShowWord.swift */ = {isa = PBXFileReference; lastKnownFileType = sourcecode.swift; path = ViewControllerShowWord.swift; sourceTree = "<group>"; };
		DB4D71B524C56F9500333C98 /* FE単語帳.app */ = {isa = PBXFileReference; explicitFileType = wrapper.application; includeInIndex = 0; path = "FE単語帳.app"; sourceTree = BUILT_PRODUCTS_DIR; };
		DB4D71B824C56F9500333C98 /* AppDelegate.swift */ = {isa = PBXFileReference; lastKnownFileType = sourcecode.swift; path = AppDelegate.swift; sourceTree = "<group>"; };
		DB4D71BA24C56F9500333C98 /* SceneDelegate.swift */ = {isa = PBXFileReference; lastKnownFileType = sourcecode.swift; path = SceneDelegate.swift; sourceTree = "<group>"; };
		DB4D71BF24C56F9500333C98 /* Base */ = {isa = PBXFileReference; lastKnownFileType = file.storyboard; name = Base; path = Base.lproj/Main.storyboard; sourceTree = "<group>"; };
		DB4D71C124C56F9600333C98 /* Assets.xcassets */ = {isa = PBXFileReference; lastKnownFileType = folder.assetcatalog; path = Assets.xcassets; sourceTree = "<group>"; };
		DB4D71C424C56F9600333C98 /* Base */ = {isa = PBXFileReference; lastKnownFileType = file.storyboard; name = Base; path = Base.lproj/LaunchScreen.storyboard; sourceTree = "<group>"; };
		DB4D71C624C56F9600333C98 /* Info.plist */ = {isa = PBXFileReference; lastKnownFileType = text.plist.xml; path = Info.plist; sourceTree = "<group>"; };
		DB4D71CB24C56F9600333C98 /* FE単語帳Tests.xctest */ = {isa = PBXFileReference; explicitFileType = wrapper.cfbundle; includeInIndex = 0; path = "FE単語帳Tests.xctest"; sourceTree = BUILT_PRODUCTS_DIR; };
		DB4D71CF24C56F9600333C98 /* FE___Tests.swift */ = {isa = PBXFileReference; lastKnownFileType = sourcecode.swift; path = "FE___Tests.swift"; sourceTree = "<group>"; };
		DB4D71D124C56F9600333C98 /* Info.plist */ = {isa = PBXFileReference; lastKnownFileType = text.plist.xml; path = Info.plist; sourceTree = "<group>"; };
		DB4D71D624C56F9600333C98 /* FE単語帳UITests.xctest */ = {isa = PBXFileReference; explicitFileType = wrapper.cfbundle; includeInIndex = 0; path = "FE単語帳UITests.xctest"; sourceTree = BUILT_PRODUCTS_DIR; };
		DB4D71DA24C56F9600333C98 /* FE___UITests.swift */ = {isa = PBXFileReference; lastKnownFileType = sourcecode.swift; path = "FE___UITests.swift"; sourceTree = "<group>"; };
		DB4D71DC24C56F9600333C98 /* Info.plist */ = {isa = PBXFileReference; lastKnownFileType = text.plist.xml; path = Info.plist; sourceTree = "<group>"; };
		DB524FCF24F79EA800BFD4BD /* ViewControllerShowAppExplanation.swift */ = {isa = PBXFileReference; lastKnownFileType = sourcecode.swift; path = ViewControllerShowAppExplanation.swift; sourceTree = "<group>"; };
		DB552D4524D8024000A14630 /* FE単語帳.entitlements */ = {isa = PBXFileReference; lastKnownFileType = text.plist.entitlements; path = "FE単語帳.entitlements"; sourceTree = "<group>"; };
		DB61286124C5933E00B86CAF /* ViewControllerSelectGroup.swift */ = {isa = PBXFileReference; lastKnownFileType = sourcecode.swift; path = ViewControllerSelectGroup.swift; sourceTree = "<group>"; };
		DB6EE0ED24C9B3B40029A499 /* wordList.csv */ = {isa = PBXFileReference; lastKnownFileType = text; path = wordList.csv; sourceTree = "<group>"; };
		DB6EE0EF24C9B8970029A499 /* Word.swift */ = {isa = PBXFileReference; lastKnownFileType = sourcecode.swift; path = Word.swift; sourceTree = "<group>"; };
		DB8B9DB92509658900517F00 /* TabBarController.swift */ = {isa = PBXFileReference; lastKnownFileType = sourcecode.swift; path = TabBarController.swift; sourceTree = "<group>"; };
		DBA0A4AB24C9E4B100D42F6E /* AppInfo.swift */ = {isa = PBXFileReference; lastKnownFileType = sourcecode.swift; path = AppInfo.swift; sourceTree = "<group>"; };
		DBA0A4AF24CA186E00D42F6E /* ViewControllerSelectWord.swift */ = {isa = PBXFileReference; lastKnownFileType = sourcecode.swift; path = ViewControllerSelectWord.swift; sourceTree = "<group>"; };
		DBAA1BD025009F5100C891A2 /* WordModel.swift */ = {isa = PBXFileReference; lastKnownFileType = sourcecode.swift; path = WordModel.swift; sourceTree = "<group>"; };
		DBAA1BD225009F6600C891A2 /* AppInfoModel.swift */ = {isa = PBXFileReference; lastKnownFileType = sourcecode.swift; path = AppInfoModel.swift; sourceTree = "<group>"; };
		DBBB84A92509E2B400019FD4 /* ViewControllerMain.swift */ = {isa = PBXFileReference; lastKnownFileType = sourcecode.swift; path = ViewControllerMain.swift; sourceTree = "<group>"; };
		DBF13F3D24D7EF44004910F1 /* GoogleService-Info.plist */ = {isa = PBXFileReference; fileEncoding = 4; lastKnownFileType = text.plist.xml; path = "GoogleService-Info.plist"; sourceTree = "<group>"; };
/* End PBXFileReference section */

/* Begin PBXFrameworksBuildPhase section */
		DB4D71B224C56F9500333C98 /* Frameworks */ = {
			isa = PBXFrameworksBuildPhase;
			buildActionMask = 2147483647;
			files = (
			);
			runOnlyForDeploymentPostprocessing = 0;
		};
		DB4D71C824C56F9600333C98 /* Frameworks */ = {
			isa = PBXFrameworksBuildPhase;
			buildActionMask = 2147483647;
			files = (
				8FEABC1A546BD9DB87AFB8D2 /* Pods_FE___Tests.framework in Frameworks */,
			);
			runOnlyForDeploymentPostprocessing = 0;
		};
		DB4D71D324C56F9600333C98 /* Frameworks */ = {
			isa = PBXFrameworksBuildPhase;
			buildActionMask = 2147483647;
			files = (
				A322BE5D8485A2EA82490FAF /* Pods_FE____FE___UITests.framework in Frameworks */,
			);
			runOnlyForDeploymentPostprocessing = 0;
		};
/* End PBXFrameworksBuildPhase section */

/* Begin PBXGroup section */
		10394DA5653D7ED0EB7217AA /* Pods */ = {
			isa = PBXGroup;
			children = (
				DA7DCA3D23F9D22A2EF4DA0F /* Pods-FE単語帳.debug.xcconfig */,
				090967CA2D106B9F2B2B1B87 /* Pods-FE単語帳.release.xcconfig */,
				66691766543CC28008558893 /* Pods-FE単語帳-FE単語帳UITests.debug.xcconfig */,
				89C4DEEF2BA178C4858589D1 /* Pods-FE単語帳-FE単語帳UITests.release.xcconfig */,
				CB40A22F7A5B2CD7CD69DAA0 /* Pods-FE単語帳Tests.debug.xcconfig */,
				9AF58A0DD6AAE1EA48C8C71F /* Pods-FE単語帳Tests.release.xcconfig */,
			);
			path = Pods;
			sourceTree = "<group>";
		};
		16B616B6D38610EB1D1DB71A /* Frameworks */ = {
			isa = PBXGroup;
			children = (
				C0B7DD6BD8DF8BE1F9C9441D /* Pods_FE___.framework */,
				D277CAD0C277C9004DBB6D8B /* Pods_FE____FE___UITests.framework */,
				B24DA22DEF6DDCEE1E554EC0 /* Pods_FE___Tests.framework */,
			);
			name = Frameworks;
			sourceTree = "<group>";
		};
		DB4D71AC24C56F9500333C98 = {
			isa = PBXGroup;
			children = (
				DB4D71B724C56F9500333C98 /* FE単語帳 */,
				DB4D71CE24C56F9600333C98 /* FE単語帳Tests */,
				DB4D71D924C56F9600333C98 /* FE単語帳UITests */,
				DB4D71B624C56F9500333C98 /* Products */,
				10394DA5653D7ED0EB7217AA /* Pods */,
				16B616B6D38610EB1D1DB71A /* Frameworks */,
			);
			sourceTree = "<group>";
		};
		DB4D71B624C56F9500333C98 /* Products */ = {
			isa = PBXGroup;
			children = (
				DB4D71B524C56F9500333C98 /* FE単語帳.app */,
				DB4D71CB24C56F9600333C98 /* FE単語帳Tests.xctest */,
				DB4D71D624C56F9600333C98 /* FE単語帳UITests.xctest */,
			);
			name = Products;
			sourceTree = "<group>";
		};
		DB4D71B724C56F9500333C98 /* FE単語帳 */ = {
			isa = PBXGroup;
			children = (
				DB4D71B824C56F9500333C98 /* AppDelegate.swift */,
				DB4D71BA24C56F9500333C98 /* SceneDelegate.swift */,
				DB524FCF24F79EA800BFD4BD /* ViewControllerShowAppExplanation.swift */,
				DBBB84A92509E2B400019FD4 /* ViewControllerMain.swift */,
				DB8B9DB92509658900517F00 /* TabBarController.swift */,
				DB61286124C5933E00B86CAF /* ViewControllerSelectGroup.swift */,
				DBA0A4AF24CA186E00D42F6E /* ViewControllerSelectWord.swift */,
				DB39B4E924CC877800319E4D /* ViewControllerShowWord.swift */,
				DBAA1BD025009F5100C891A2 /* WordModel.swift */,
				DBAA1BD225009F6600C891A2 /* AppInfoModel.swift */,
				DB6EE0EF24C9B8970029A499 /* Word.swift */,
				DBA0A4AB24C9E4B100D42F6E /* AppInfo.swift */,
				DB4D71BE24C56F9500333C98 /* Main.storyboard */,
				DB4D71C124C56F9600333C98 /* Assets.xcassets */,
				DB4D71C324C56F9600333C98 /* LaunchScreen.storyboard */,
				DBF13F3D24D7EF44004910F1 /* GoogleService-Info.plist */,
				DB4D71C624C56F9600333C98 /* Info.plist */,
				DB552D4524D8024000A14630 /* FE単語帳.entitlements */,
				DB6EE0ED24C9B3B40029A499 /* wordList.csv */,
			);
			path = "FE単語帳";
			sourceTree = "<group>";
		};
		DB4D71CE24C56F9600333C98 /* FE単語帳Tests */ = {
			isa = PBXGroup;
			children = (
				DB4D71CF24C56F9600333C98 /* FE___Tests.swift */,
				DB4D71D124C56F9600333C98 /* Info.plist */,
			);
			path = "FE単語帳Tests";
			sourceTree = "<group>";
		};
		DB4D71D924C56F9600333C98 /* FE単語帳UITests */ = {
			isa = PBXGroup;
			children = (
				DB4D71DA24C56F9600333C98 /* FE___UITests.swift */,
				DB4D71DC24C56F9600333C98 /* Info.plist */,
			);
			path = "FE単語帳UITests";
			sourceTree = "<group>";
		};
/* End PBXGroup section */

/* Begin PBXNativeTarget section */
		DB4D71B424C56F9500333C98 /* FE単語帳 */ = {
			isa = PBXNativeTarget;
			buildConfigurationList = DB4D71DF24C56F9600333C98 /* Build configuration list for PBXNativeTarget "FE単語帳" */;
			buildPhases = (
				E08E4478E1E754AF6521C9B6 /* [CP] Check Pods Manifest.lock */,
				DB4D71B124C56F9500333C98 /* Sources */,
				DB4D71B224C56F9500333C98 /* Frameworks */,
				DB4D71B324C56F9500333C98 /* Resources */,
				F1EE9DA617591E1E09FC506D /* [CP] Embed Pods Frameworks */,
			);
			buildRules = (
			);
			dependencies = (
			);
			name = "FE単語帳";
			productName = "FE単語帳";
			productReference = DB4D71B524C56F9500333C98 /* FE単語帳.app */;
			productType = "com.apple.product-type.application";
		};
		DB4D71CA24C56F9600333C98 /* FE単語帳Tests */ = {
			isa = PBXNativeTarget;
			buildConfigurationList = DB4D71E224C56F9600333C98 /* Build configuration list for PBXNativeTarget "FE単語帳Tests" */;
			buildPhases = (
				46319E2FB1EF25B48B61D046 /* [CP] Check Pods Manifest.lock */,
				DB4D71C724C56F9600333C98 /* Sources */,
				DB4D71C824C56F9600333C98 /* Frameworks */,
				DB4D71C924C56F9600333C98 /* Resources */,
			);
			buildRules = (
			);
			dependencies = (
				DB4D71CD24C56F9600333C98 /* PBXTargetDependency */,
			);
			name = "FE単語帳Tests";
			productName = "FE単語帳Tests";
			productReference = DB4D71CB24C56F9600333C98 /* FE単語帳Tests.xctest */;
			productType = "com.apple.product-type.bundle.unit-test";
		};
		DB4D71D524C56F9600333C98 /* FE単語帳UITests */ = {
			isa = PBXNativeTarget;
			buildConfigurationList = DB4D71E524C56F9600333C98 /* Build configuration list for PBXNativeTarget "FE単語帳UITests" */;
			buildPhases = (
				C5B06CA453F8D9AE947ADEBC /* [CP] Check Pods Manifest.lock */,
				DB4D71D224C56F9600333C98 /* Sources */,
				DB4D71D324C56F9600333C98 /* Frameworks */,
				DB4D71D424C56F9600333C98 /* Resources */,
				D1BFEA2B41F4D4E972761AB5 /* [CP] Embed Pods Frameworks */,
			);
			buildRules = (
			);
			dependencies = (
				DB4D71D824C56F9600333C98 /* PBXTargetDependency */,
			);
			name = "FE単語帳UITests";
			productName = "FE単語帳UITests";
			productReference = DB4D71D624C56F9600333C98 /* FE単語帳UITests.xctest */;
			productType = "com.apple.product-type.bundle.ui-testing";
		};
/* End PBXNativeTarget section */

/* Begin PBXProject section */
		DB4D71AD24C56F9500333C98 /* Project object */ = {
			isa = PBXProject;
			attributes = {
				LastSwiftUpdateCheck = 1160;
				LastUpgradeCheck = 1160;
				ORGANIZATIONNAME = hiromi.tomioka;
				TargetAttributes = {
					DB4D71B424C56F9500333C98 = {
						CreatedOnToolsVersion = 11.6;
					};
					DB4D71CA24C56F9600333C98 = {
						CreatedOnToolsVersion = 11.6;
						TestTargetID = DB4D71B424C56F9500333C98;
					};
					DB4D71D524C56F9600333C98 = {
						CreatedOnToolsVersion = 11.6;
						TestTargetID = DB4D71B424C56F9500333C98;
					};
				};
			};
			buildConfigurationList = DB4D71B024C56F9500333C98 /* Build configuration list for PBXProject "FE単語帳" */;
			compatibilityVersion = "Xcode 9.3";
			developmentRegion = en;
			hasScannedForEncodings = 0;
			knownRegions = (
				en,
				Base,
			);
			mainGroup = DB4D71AC24C56F9500333C98;
			productRefGroup = DB4D71B624C56F9500333C98 /* Products */;
			projectDirPath = "";
			projectRoot = "";
			targets = (
				DB4D71B424C56F9500333C98 /* FE単語帳 */,
				DB4D71CA24C56F9600333C98 /* FE単語帳Tests */,
				DB4D71D524C56F9600333C98 /* FE単語帳UITests */,
			);
		};
/* End PBXProject section */

/* Begin PBXResourcesBuildPhase section */
		DB4D71B324C56F9500333C98 /* Resources */ = {
			isa = PBXResourcesBuildPhase;
			buildActionMask = 2147483647;
			files = (
				DB4D71C524C56F9600333C98 /* LaunchScreen.storyboard in Resources */,
				DB4D71C224C56F9600333C98 /* Assets.xcassets in Resources */,
				DBF13F3E24D7EF44004910F1 /* GoogleService-Info.plist in Resources */,
				DB6EE0EE24C9B3B40029A499 /* wordList.csv in Resources */,
				DB4D71C024C56F9500333C98 /* Main.storyboard in Resources */,
			);
			runOnlyForDeploymentPostprocessing = 0;
		};
		DB4D71C924C56F9600333C98 /* Resources */ = {
			isa = PBXResourcesBuildPhase;
			buildActionMask = 2147483647;
			files = (
			);
			runOnlyForDeploymentPostprocessing = 0;
		};
		DB4D71D424C56F9600333C98 /* Resources */ = {
			isa = PBXResourcesBuildPhase;
			buildActionMask = 2147483647;
			files = (
			);
			runOnlyForDeploymentPostprocessing = 0;
		};
/* End PBXResourcesBuildPhase section */

/* Begin PBXShellScriptBuildPhase section */
		46319E2FB1EF25B48B61D046 /* [CP] Check Pods Manifest.lock */ = {
			isa = PBXShellScriptBuildPhase;
			buildActionMask = 2147483647;
			files = (
			);
			inputFileListPaths = (
			);
			inputPaths = (
				"${PODS_PODFILE_DIR_PATH}/Podfile.lock",
				"${PODS_ROOT}/Manifest.lock",
			);
			name = "[CP] Check Pods Manifest.lock";
			outputFileListPaths = (
			);
			outputPaths = (
				"$(DERIVED_FILE_DIR)/Pods-FE単語帳Tests-checkManifestLockResult.txt",
			);
			runOnlyForDeploymentPostprocessing = 0;
			shellPath = /bin/sh;
			shellScript = "diff \"${PODS_PODFILE_DIR_PATH}/Podfile.lock\" \"${PODS_ROOT}/Manifest.lock\" > /dev/null\nif [ $? != 0 ] ; then\n    # print error to STDERR\n    echo \"error: The sandbox is not in sync with the Podfile.lock. Run 'pod install' or update your CocoaPods installation.\" >&2\n    exit 1\nfi\n# This output is used by Xcode 'outputs' to avoid re-running this script phase.\necho \"SUCCESS\" > \"${SCRIPT_OUTPUT_FILE_0}\"\n";
			showEnvVarsInLog = 0;
		};
		C5B06CA453F8D9AE947ADEBC /* [CP] Check Pods Manifest.lock */ = {
			isa = PBXShellScriptBuildPhase;
			buildActionMask = 2147483647;
			files = (
			);
			inputFileListPaths = (
			);
			inputPaths = (
				"${PODS_PODFILE_DIR_PATH}/Podfile.lock",
				"${PODS_ROOT}/Manifest.lock",
			);
			name = "[CP] Check Pods Manifest.lock";
			outputFileListPaths = (
			);
			outputPaths = (
				"$(DERIVED_FILE_DIR)/Pods-FE単語帳-FE単語帳UITests-checkManifestLockResult.txt",
			);
			runOnlyForDeploymentPostprocessing = 0;
			shellPath = /bin/sh;
			shellScript = "diff \"${PODS_PODFILE_DIR_PATH}/Podfile.lock\" \"${PODS_ROOT}/Manifest.lock\" > /dev/null\nif [ $? != 0 ] ; then\n    # print error to STDERR\n    echo \"error: The sandbox is not in sync with the Podfile.lock. Run 'pod install' or update your CocoaPods installation.\" >&2\n    exit 1\nfi\n# This output is used by Xcode 'outputs' to avoid re-running this script phase.\necho \"SUCCESS\" > \"${SCRIPT_OUTPUT_FILE_0}\"\n";
			showEnvVarsInLog = 0;
		};
		D1BFEA2B41F4D4E972761AB5 /* [CP] Embed Pods Frameworks */ = {
			isa = PBXShellScriptBuildPhase;
			buildActionMask = 2147483647;
			files = (
			);
			inputFileListPaths = (
				"${PODS_ROOT}/Target Support Files/Pods-FE単語帳-FE単語帳UITests/Pods-FE単語帳-FE単語帳UITests-frameworks-${CONFIGURATION}-input-files.xcfilelist",
			);
			name = "[CP] Embed Pods Frameworks";
			outputFileListPaths = (
				"${PODS_ROOT}/Target Support Files/Pods-FE単語帳-FE単語帳UITests/Pods-FE単語帳-FE単語帳UITests-frameworks-${CONFIGURATION}-output-files.xcfilelist",
			);
			runOnlyForDeploymentPostprocessing = 0;
			shellPath = /bin/sh;
			shellScript = "\"${PODS_ROOT}/Target Support Files/Pods-FE単語帳-FE単語帳UITests/Pods-FE単語帳-FE単語帳UITests-frameworks.sh\"\n";
			showEnvVarsInLog = 0;
		};
		E08E4478E1E754AF6521C9B6 /* [CP] Check Pods Manifest.lock */ = {
			isa = PBXShellScriptBuildPhase;
			buildActionMask = 2147483647;
			files = (
			);
			inputFileListPaths = (
			);
			inputPaths = (
				"${PODS_PODFILE_DIR_PATH}/Podfile.lock",
				"${PODS_ROOT}/Manifest.lock",
			);
			name = "[CP] Check Pods Manifest.lock";
			outputFileListPaths = (
			);
			outputPaths = (
				"$(DERIVED_FILE_DIR)/Pods-FE単語帳-checkManifestLockResult.txt",
			);
			runOnlyForDeploymentPostprocessing = 0;
			shellPath = /bin/sh;
			shellScript = "diff \"${PODS_PODFILE_DIR_PATH}/Podfile.lock\" \"${PODS_ROOT}/Manifest.lock\" > /dev/null\nif [ $? != 0 ] ; then\n    # print error to STDERR\n    echo \"error: The sandbox is not in sync with the Podfile.lock. Run 'pod install' or update your CocoaPods installation.\" >&2\n    exit 1\nfi\n# This output is used by Xcode 'outputs' to avoid re-running this script phase.\necho \"SUCCESS\" > \"${SCRIPT_OUTPUT_FILE_0}\"\n";
			showEnvVarsInLog = 0;
		};
		F1EE9DA617591E1E09FC506D /* [CP] Embed Pods Frameworks */ = {
			isa = PBXShellScriptBuildPhase;
			buildActionMask = 2147483647;
			files = (
			);
			inputFileListPaths = (
				"${PODS_ROOT}/Target Support Files/Pods-FE単語帳/Pods-FE単語帳-frameworks-${CONFIGURATION}-input-files.xcfilelist",
			);
			name = "[CP] Embed Pods Frameworks";
			outputFileListPaths = (
				"${PODS_ROOT}/Target Support Files/Pods-FE単語帳/Pods-FE単語帳-frameworks-${CONFIGURATION}-output-files.xcfilelist",
			);
			runOnlyForDeploymentPostprocessing = 0;
			shellPath = /bin/sh;
			shellScript = "\"${PODS_ROOT}/Target Support Files/Pods-FE単語帳/Pods-FE単語帳-frameworks.sh\"\n";
			showEnvVarsInLog = 0;
		};
/* End PBXShellScriptBuildPhase section */

/* Begin PBXSourcesBuildPhase section */
		DB4D71B124C56F9500333C98 /* Sources */ = {
			isa = PBXSourcesBuildPhase;
			buildActionMask = 2147483647;
			files = (
				DB4D71B924C56F9500333C98 /* AppDelegate.swift in Sources */,
				DB6EE0F024C9B8970029A499 /* Word.swift in Sources */,
				DB39B4EA24CC877800319E4D /* ViewControllerShowWord.swift in Sources */,
				DB61286224C5933E00B86CAF /* ViewControllerSelectGroup.swift in Sources */,
				DBA0A4B024CA186E00D42F6E /* ViewControllerSelectWord.swift in Sources */,
				DBBB84AA2509E2B400019FD4 /* ViewControllerMain.swift in Sources */,
				DB4D71BB24C56F9500333C98 /* SceneDelegate.swift in Sources */,
				DBA0A4AC24C9E4B100D42F6E /* AppInfo.swift in Sources */,
				DB524FD024F79EA800BFD4BD /* ViewControllerShowAppExplanation.swift in Sources */,
				DB8B9DBA2509658900517F00 /* TabBarController.swift in Sources */,
				DBAA1BD325009F6600C891A2 /* AppInfoModel.swift in Sources */,
				DBAA1BD125009F5100C891A2 /* WordModel.swift in Sources */,
			);
			runOnlyForDeploymentPostprocessing = 0;
		};
		DB4D71C724C56F9600333C98 /* Sources */ = {
			isa = PBXSourcesBuildPhase;
			buildActionMask = 2147483647;
			files = (
				DB4D71D024C56F9600333C98 /* FE___Tests.swift in Sources */,
			);
			runOnlyForDeploymentPostprocessing = 0;
		};
		DB4D71D224C56F9600333C98 /* Sources */ = {
			isa = PBXSourcesBuildPhase;
			buildActionMask = 2147483647;
			files = (
				DB4D71DB24C56F9600333C98 /* FE___UITests.swift in Sources */,
			);
			runOnlyForDeploymentPostprocessing = 0;
		};
/* End PBXSourcesBuildPhase section */

/* Begin PBXTargetDependency section */
		DB4D71CD24C56F9600333C98 /* PBXTargetDependency */ = {
			isa = PBXTargetDependency;
			target = DB4D71B424C56F9500333C98 /* FE単語帳 */;
			targetProxy = DB4D71CC24C56F9600333C98 /* PBXContainerItemProxy */;
		};
		DB4D71D824C56F9600333C98 /* PBXTargetDependency */ = {
			isa = PBXTargetDependency;
			target = DB4D71B424C56F9500333C98 /* FE単語帳 */;
			targetProxy = DB4D71D724C56F9600333C98 /* PBXContainerItemProxy */;
		};
/* End PBXTargetDependency section */

/* Begin PBXVariantGroup section */
		DB4D71BE24C56F9500333C98 /* Main.storyboard */ = {
			isa = PBXVariantGroup;
			children = (
				DB4D71BF24C56F9500333C98 /* Base */,
			);
			name = Main.storyboard;
			sourceTree = "<group>";
		};
		DB4D71C324C56F9600333C98 /* LaunchScreen.storyboard */ = {
			isa = PBXVariantGroup;
			children = (
				DB4D71C424C56F9600333C98 /* Base */,
			);
			name = LaunchScreen.storyboard;
			sourceTree = "<group>";
		};
/* End PBXVariantGroup section */

/* Begin XCBuildConfiguration section */
		DB4D71DD24C56F9600333C98 /* Debug */ = {
			isa = XCBuildConfiguration;
			buildSettings = {
				ALWAYS_SEARCH_USER_PATHS = NO;
				CLANG_ANALYZER_NONNULL = YES;
				CLANG_ANALYZER_NUMBER_OBJECT_CONVERSION = YES_AGGRESSIVE;
				CLANG_CXX_LANGUAGE_STANDARD = "gnu++14";
				CLANG_CXX_LIBRARY = "libc++";
				CLANG_ENABLE_MODULES = YES;
				CLANG_ENABLE_OBJC_ARC = YES;
				CLANG_ENABLE_OBJC_WEAK = YES;
				CLANG_WARN_BLOCK_CAPTURE_AUTORELEASING = YES;
				CLANG_WARN_BOOL_CONVERSION = YES;
				CLANG_WARN_COMMA = YES;
				CLANG_WARN_CONSTANT_CONVERSION = YES;
				CLANG_WARN_DEPRECATED_OBJC_IMPLEMENTATIONS = YES;
				CLANG_WARN_DIRECT_OBJC_ISA_USAGE = YES_ERROR;
				CLANG_WARN_DOCUMENTATION_COMMENTS = YES;
				CLANG_WARN_EMPTY_BODY = YES;
				CLANG_WARN_ENUM_CONVERSION = YES;
				CLANG_WARN_INFINITE_RECURSION = YES;
				CLANG_WARN_INT_CONVERSION = YES;
				CLANG_WARN_NON_LITERAL_NULL_CONVERSION = YES;
				CLANG_WARN_OBJC_IMPLICIT_RETAIN_SELF = YES;
				CLANG_WARN_OBJC_LITERAL_CONVERSION = YES;
				CLANG_WARN_OBJC_ROOT_CLASS = YES_ERROR;
				CLANG_WARN_RANGE_LOOP_ANALYSIS = YES;
				CLANG_WARN_STRICT_PROTOTYPES = YES;
				CLANG_WARN_SUSPICIOUS_MOVE = YES;
				CLANG_WARN_UNGUARDED_AVAILABILITY = YES_AGGRESSIVE;
				CLANG_WARN_UNREACHABLE_CODE = YES;
				CLANG_WARN__DUPLICATE_METHOD_MATCH = YES;
				CODE_SIGN_STYLE = Automatic;
				COPY_PHASE_STRIP = NO;
				DEBUG_INFORMATION_FORMAT = dwarf;
				ENABLE_STRICT_OBJC_MSGSEND = YES;
				ENABLE_TESTABILITY = YES;
				GCC_C_LANGUAGE_STANDARD = gnu11;
				GCC_DYNAMIC_NO_PIC = NO;
				GCC_NO_COMMON_BLOCKS = YES;
				GCC_OPTIMIZATION_LEVEL = 0;
				GCC_PREPROCESSOR_DEFINITIONS = (
					"DEBUG=1",
					"$(inherited)",
				);
				GCC_WARN_64_TO_32_BIT_CONVERSION = YES;
				GCC_WARN_ABOUT_RETURN_TYPE = YES_ERROR;
				GCC_WARN_UNDECLARED_SELECTOR = YES;
				GCC_WARN_UNINITIALIZED_AUTOS = YES_AGGRESSIVE;
				GCC_WARN_UNUSED_FUNCTION = YES;
				GCC_WARN_UNUSED_VARIABLE = YES;
				IPHONEOS_DEPLOYMENT_TARGET = 13.6;
				MTL_ENABLE_DEBUG_INFO = INCLUDE_SOURCE;
				MTL_FAST_MATH = YES;
				ONLY_ACTIVE_ARCH = YES;
				SDKROOT = iphoneos;
				SWIFT_ACTIVE_COMPILATION_CONDITIONS = DEBUG;
				SWIFT_OPTIMIZATION_LEVEL = "-Onone";
			};
			name = Debug;
		};
		DB4D71DE24C56F9600333C98 /* Release */ = {
			isa = XCBuildConfiguration;
			buildSettings = {
				ALWAYS_SEARCH_USER_PATHS = NO;
				CLANG_ANALYZER_NONNULL = YES;
				CLANG_ANALYZER_NUMBER_OBJECT_CONVERSION = YES_AGGRESSIVE;
				CLANG_CXX_LANGUAGE_STANDARD = "gnu++14";
				CLANG_CXX_LIBRARY = "libc++";
				CLANG_ENABLE_MODULES = YES;
				CLANG_ENABLE_OBJC_ARC = YES;
				CLANG_ENABLE_OBJC_WEAK = YES;
				CLANG_WARN_BLOCK_CAPTURE_AUTORELEASING = YES;
				CLANG_WARN_BOOL_CONVERSION = YES;
				CLANG_WARN_COMMA = YES;
				CLANG_WARN_CONSTANT_CONVERSION = YES;
				CLANG_WARN_DEPRECATED_OBJC_IMPLEMENTATIONS = YES;
				CLANG_WARN_DIRECT_OBJC_ISA_USAGE = YES_ERROR;
				CLANG_WARN_DOCUMENTATION_COMMENTS = YES;
				CLANG_WARN_EMPTY_BODY = YES;
				CLANG_WARN_ENUM_CONVERSION = YES;
				CLANG_WARN_INFINITE_RECURSION = YES;
				CLANG_WARN_INT_CONVERSION = YES;
				CLANG_WARN_NON_LITERAL_NULL_CONVERSION = YES;
				CLANG_WARN_OBJC_IMPLICIT_RETAIN_SELF = YES;
				CLANG_WARN_OBJC_LITERAL_CONVERSION = YES;
				CLANG_WARN_OBJC_ROOT_CLASS = YES_ERROR;
				CLANG_WARN_RANGE_LOOP_ANALYSIS = YES;
				CLANG_WARN_STRICT_PROTOTYPES = YES;
				CLANG_WARN_SUSPICIOUS_MOVE = YES;
				CLANG_WARN_UNGUARDED_AVAILABILITY = YES_AGGRESSIVE;
				CLANG_WARN_UNREACHABLE_CODE = YES;
				CLANG_WARN__DUPLICATE_METHOD_MATCH = YES;
				CODE_SIGN_STYLE = Automatic;
				COPY_PHASE_STRIP = NO;
				DEBUG_INFORMATION_FORMAT = "dwarf-with-dsym";
				ENABLE_NS_ASSERTIONS = NO;
				ENABLE_STRICT_OBJC_MSGSEND = YES;
				GCC_C_LANGUAGE_STANDARD = gnu11;
				GCC_NO_COMMON_BLOCKS = YES;
				GCC_WARN_64_TO_32_BIT_CONVERSION = YES;
				GCC_WARN_ABOUT_RETURN_TYPE = YES_ERROR;
				GCC_WARN_UNDECLARED_SELECTOR = YES;
				GCC_WARN_UNINITIALIZED_AUTOS = YES_AGGRESSIVE;
				GCC_WARN_UNUSED_FUNCTION = YES;
				GCC_WARN_UNUSED_VARIABLE = YES;
				IPHONEOS_DEPLOYMENT_TARGET = 13.6;
				MTL_ENABLE_DEBUG_INFO = NO;
				MTL_FAST_MATH = YES;
				SDKROOT = iphoneos;
				SWIFT_COMPILATION_MODE = wholemodule;
				SWIFT_OPTIMIZATION_LEVEL = "-O";
				VALIDATE_PRODUCT = YES;
			};
			name = Release;
		};
		DB4D71E024C56F9600333C98 /* Debug */ = {
			isa = XCBuildConfiguration;
			baseConfigurationReference = DA7DCA3D23F9D22A2EF4DA0F /* Pods-FE単語帳.debug.xcconfig */;
			buildSettings = {
				ASSETCATALOG_COMPILER_APPICON_NAME = AppIcon;
				CODE_SIGN_ENTITLEMENTS = "FE単語帳/FE単語帳.entitlements";
				CODE_SIGN_STYLE = Automatic;
				CURRENT_PROJECT_VERSION = 1.3;
				DEVELOPMENT_TEAM = PZ57CQX5S8;
				INFOPLIST_FILE = "FE単語帳/Info.plist";
				LD_RUNPATH_SEARCH_PATHS = (
					"$(inherited)",
					"@executable_path/Frameworks",
				);
				PRODUCT_BUNDLE_IDENTIFIER = "firstApp.FE-App";
				PRODUCT_NAME = "FE単語帳";
				SWIFT_VERSION = 5.0;
				TARGETED_DEVICE_FAMILY = "1,2";
			};
			name = Debug;
		};
		DB4D71E124C56F9600333C98 /* Release */ = {
			isa = XCBuildConfiguration;
			baseConfigurationReference = 090967CA2D106B9F2B2B1B87 /* Pods-FE単語帳.release.xcconfig */;
			buildSettings = {
				ASSETCATALOG_COMPILER_APPICON_NAME = AppIcon;
				CODE_SIGN_ENTITLEMENTS = "FE単語帳/FE単語帳.entitlements";
				CODE_SIGN_STYLE = Automatic;
				CURRENT_PROJECT_VERSION = 1.3;
				DEVELOPMENT_TEAM = PZ57CQX5S8;
				INFOPLIST_FILE = "FE単語帳/Info.plist";
				LD_RUNPATH_SEARCH_PATHS = (
					"$(inherited)",
					"@executable_path/Frameworks",
				);
				PRODUCT_BUNDLE_IDENTIFIER = "firstApp.FE-App";
				PRODUCT_NAME = "FE単語帳";
				SWIFT_VERSION = 5.0;
				TARGETED_DEVICE_FAMILY = "1,2";
			};
			name = Release;
		};
		DB4D71E324C56F9600333C98 /* Debug */ = {
			isa = XCBuildConfiguration;
			baseConfigurationReference = CB40A22F7A5B2CD7CD69DAA0 /* Pods-FE単語帳Tests.debug.xcconfig */;
			buildSettings = {
				ALWAYS_EMBED_SWIFT_STANDARD_LIBRARIES = YES;
				BUNDLE_LOADER = "$(TEST_HOST)";
				CODE_SIGN_STYLE = Automatic;
				INFOPLIST_FILE = "FE単語帳Tests/Info.plist";
				IPHONEOS_DEPLOYMENT_TARGET = 13.6;
				LD_RUNPATH_SEARCH_PATHS = (
					"$(inherited)",
					"@executable_path/Frameworks",
					"@loader_path/Frameworks",
				);
				PRODUCT_BUNDLE_IDENTIFIER = "training.FE---Tests";
				PRODUCT_NAME = "$(TARGET_NAME)";
				SWIFT_VERSION = 5.0;
				TARGETED_DEVICE_FAMILY = "1,2";
				TEST_HOST = "$(BUILT_PRODUCTS_DIR)/FE単語帳.app/FE単語帳";
			};
			name = Debug;
		};
		DB4D71E424C56F9600333C98 /* Release */ = {
			isa = XCBuildConfiguration;
			baseConfigurationReference = 9AF58A0DD6AAE1EA48C8C71F /* Pods-FE単語帳Tests.release.xcconfig */;
			buildSettings = {
				ALWAYS_EMBED_SWIFT_STANDARD_LIBRARIES = YES;
				BUNDLE_LOADER = "$(TEST_HOST)";
				CODE_SIGN_STYLE = Automatic;
				INFOPLIST_FILE = "FE単語帳Tests/Info.plist";
				IPHONEOS_DEPLOYMENT_TARGET = 13.6;
				LD_RUNPATH_SEARCH_PATHS = (
					"$(inherited)",
					"@executable_path/Frameworks",
					"@loader_path/Frameworks",
				);
				PRODUCT_BUNDLE_IDENTIFIER = "training.FE---Tests";
				PRODUCT_NAME = "$(TARGET_NAME)";
				SWIFT_VERSION = 5.0;
				TARGETED_DEVICE_FAMILY = "1,2";
				TEST_HOST = "$(BUILT_PRODUCTS_DIR)/FE単語帳.app/FE単語帳";
			};
			name = Release;
		};
		DB4D71E624C56F9600333C98 /* Debug */ = {
			isa = XCBuildConfiguration;
			baseConfigurationReference = 66691766543CC28008558893 /* Pods-FE単語帳-FE単語帳UITests.debug.xcconfig */;
			buildSettings = {
				ALWAYS_EMBED_SWIFT_STANDARD_LIBRARIES = YES;
				CODE_SIGN_STYLE = Automatic;
				INFOPLIST_FILE = "FE単語帳UITests/Info.plist";
				LD_RUNPATH_SEARCH_PATHS = (
					"$(inherited)",
					"@executable_path/Frameworks",
					"@loader_path/Frameworks",
				);
				PRODUCT_BUNDLE_IDENTIFIER = "training.FE---UITests";
				PRODUCT_NAME = "$(TARGET_NAME)";
				SWIFT_VERSION = 5.0;
				TARGETED_DEVICE_FAMILY = "1,2";
				TEST_TARGET_NAME = "FE単語帳";
			};
			name = Debug;
		};
		DB4D71E724C56F9600333C98 /* Release */ = {
			isa = XCBuildConfiguration;
			baseConfigurationReference = 89C4DEEF2BA178C4858589D1 /* Pods-FE単語帳-FE単語帳UITests.release.xcconfig */;
			buildSettings = {
				ALWAYS_EMBED_SWIFT_STANDARD_LIBRARIES = YES;
				CODE_SIGN_STYLE = Automatic;
				INFOPLIST_FILE = "FE単語帳UITests/Info.plist";
				LD_RUNPATH_SEARCH_PATHS = (
					"$(inherited)",
					"@executable_path/Frameworks",
					"@loader_path/Frameworks",
				);
				PRODUCT_BUNDLE_IDENTIFIER = "training.FE---UITests";
				PRODUCT_NAME = "$(TARGET_NAME)";
				SWIFT_VERSION = 5.0;
				TARGETED_DEVICE_FAMILY = "1,2";
				TEST_TARGET_NAME = "FE単語帳";
			};
			name = Release;
		};
/* End XCBuildConfiguration section */

/* Begin XCConfigurationList section */
		DB4D71B024C56F9500333C98 /* Build configuration list for PBXProject "FE単語帳" */ = {
			isa = XCConfigurationList;
			buildConfigurations = (
				DB4D71DD24C56F9600333C98 /* Debug */,
				DB4D71DE24C56F9600333C98 /* Release */,
			);
			defaultConfigurationIsVisible = 0;
			defaultConfigurationName = Release;
		};
		DB4D71DF24C56F9600333C98 /* Build configuration list for PBXNativeTarget "FE単語帳" */ = {
			isa = XCConfigurationList;
			buildConfigurations = (
				DB4D71E024C56F9600333C98 /* Debug */,
				DB4D71E124C56F9600333C98 /* Release */,
			);
			defaultConfigurationIsVisible = 0;
			defaultConfigurationName = Release;
		};
		DB4D71E224C56F9600333C98 /* Build configuration list for PBXNativeTarget "FE単語帳Tests" */ = {
			isa = XCConfigurationList;
			buildConfigurations = (
				DB4D71E324C56F9600333C98 /* Debug */,
				DB4D71E424C56F9600333C98 /* Release */,
			);
			defaultConfigurationIsVisible = 0;
			defaultConfigurationName = Release;
		};
		DB4D71E524C56F9600333C98 /* Build configuration list for PBXNativeTarget "FE単語帳UITests" */ = {
			isa = XCConfigurationList;
			buildConfigurations = (
				DB4D71E624C56F9600333C98 /* Debug */,
				DB4D71E724C56F9600333C98 /* Release */,
			);
			defaultConfigurationIsVisible = 0;
			defaultConfigurationName = Release;
		};
/* End XCConfigurationList section */
	};
	rootObject = DB4D71AD24C56F9500333C98 /* Project object */;
}
